// !$*UTF8*$!
{
	archiveVersion = 1;
	classes = {
	};
	objectVersion = 46;
	objects = {

/* Begin PBXBuildFile section */
		C2E33D2D1A93ECC900B5E200 /* AppDelegate.swift in Sources */ = {isa = PBXBuildFile; fileRef = C2E33D2C1A93ECC900B5E200 /* AppDelegate.swift */; };
		C2E33D2F1A93ECC900B5E200 /* ViewController.swift in Sources */ = {isa = PBXBuildFile; fileRef = C2E33D2E1A93ECC900B5E200 /* ViewController.swift */; };
		C2E33D321A93ECC900B5E200 /* Main.storyboard in Resources */ = {isa = PBXBuildFile; fileRef = C2E33D301A93ECC900B5E200 /* Main.storyboard */; };
		C2E33D341A93ECC900B5E200 /* Images.xcassets in Resources */ = {isa = PBXBuildFile; fileRef = C2E33D331A93ECC900B5E200 /* Images.xcassets */; };
		C2E33D371A93ECC900B5E200 /* LaunchScreen.xib in Resources */ = {isa = PBXBuildFile; fileRef = C2E33D351A93ECC900B5E200 /* LaunchScreen.xib */; };
		C2E33D431A93ECC900B5E200 /* iOS_ExampleTests.swift in Sources */ = {isa = PBXBuildFile; fileRef = C2E33D421A93ECC900B5E200 /* iOS_ExampleTests.swift */; };
		C2E33D4D1A93ED1000B5E200 /* SwiftDictModel.framework in Frameworks */ = {isa = PBXBuildFile; fileRef = C2E33D4C1A93ED1000B5E200 /* SwiftDictModel.framework */; };
		C2E33D4F1A93EE4A00B5E200 /* Person.swift in Sources */ = {isa = PBXBuildFile; fileRef = C2E33D4E1A93EE4A00B5E200 /* Person.swift */; };
		C2E33D531A93EF0700B5E200 /* Person.json in Resources */ = {isa = PBXBuildFile; fileRef = C2E33D521A93EF0700B5E200 /* Person.json */; };
/* End PBXBuildFile section */

/* Begin PBXContainerItemProxy section */
		C2E33D3D1A93ECC900B5E200 /* PBXContainerItemProxy */ = {
			isa = PBXContainerItemProxy;
			containerPortal = C2E33D1F1A93ECC900B5E200 /* Project object */;
			proxyType = 1;
			remoteGlobalIDString = C2E33D261A93ECC900B5E200;
			remoteInfo = "iOS Example";
		};
/* End PBXContainerItemProxy section */

/* Begin PBXFileReference section */
		C2E33D271A93ECC900B5E200 /* iOS Example.app */ = {isa = PBXFileReference; explicitFileType = wrapper.application; includeInIndex = 0; path = "iOS Example.app"; sourceTree = BUILT_PRODUCTS_DIR; };
		C2E33D2B1A93ECC900B5E200 /* Info.plist */ = {isa = PBXFileReference; lastKnownFileType = text.plist.xml; path = Info.plist; sourceTree = "<group>"; };
		C2E33D2C1A93ECC900B5E200 /* AppDelegate.swift */ = {isa = PBXFileReference; lastKnownFileType = sourcecode.swift; path = AppDelegate.swift; sourceTree = "<group>"; };
		C2E33D2E1A93ECC900B5E200 /* ViewController.swift */ = {isa = PBXFileReference; lastKnownFileType = sourcecode.swift; path = ViewController.swift; sourceTree = "<group>"; };
		C2E33D311A93ECC900B5E200 /* Base */ = {isa = PBXFileReference; lastKnownFileType = file.storyboard; name = Base; path = Base.lproj/Main.storyboard; sourceTree = "<group>"; };
		C2E33D331A93ECC900B5E200 /* Images.xcassets */ = {isa = PBXFileReference; lastKnownFileType = folder.assetcatalog; path = Images.xcassets; sourceTree = "<group>"; };
		C2E33D361A93ECC900B5E200 /* Base */ = {isa = PBXFileReference; lastKnownFileType = file.xib; name = Base; path = Base.lproj/LaunchScreen.xib; sourceTree = "<group>"; };
		C2E33D3C1A93ECC900B5E200 /* iOS ExampleTests.xctest */ = {isa = PBXFileReference; explicitFileType = wrapper.cfbundle; includeInIndex = 0; path = "iOS ExampleTests.xctest"; sourceTree = BUILT_PRODUCTS_DIR; };
		C2E33D411A93ECC900B5E200 /* Info.plist */ = {isa = PBXFileReference; lastKnownFileType = text.plist.xml; path = Info.plist; sourceTree = "<group>"; };
		C2E33D421A93ECC900B5E200 /* iOS_ExampleTests.swift */ = {isa = PBXFileReference; lastKnownFileType = sourcecode.swift; path = iOS_ExampleTests.swift; sourceTree = "<group>"; };
		C2E33D4C1A93ED1000B5E200 /* SwiftDictModel.framework */ = {isa = PBXFileReference; lastKnownFileType = wrapper.framework; name = SwiftDictModel.framework; path = "../../../../Library/Developer/Xcode/DerivedData/SwiftDictModel-hghnfadzdlazxfahsjdtguxfwdcm/Build/Products/Debug-iphoneos/SwiftDictModel.framework"; sourceTree = "<group>"; };
		C2E33D4E1A93EE4A00B5E200 /* Person.swift */ = {isa = PBXFileReference; fileEncoding = 4; lastKnownFileType = sourcecode.swift; path = Person.swift; sourceTree = "<group>"; };
		C2E33D521A93EF0700B5E200 /* Person.json */ = {isa = PBXFileReference; fileEncoding = 4; lastKnownFileType = text.json; path = Person.json; sourceTree = "<group>"; };
/* End PBXFileReference section */

/* Begin PBXFrameworksBuildPhase section */
		C2E33D241A93ECC900B5E200 /* Frameworks */ = {
			isa = PBXFrameworksBuildPhase;
			buildActionMask = 2147483647;
			files = (
				C2E33D4D1A93ED1000B5E200 /* SwiftDictModel.framework in Frameworks */,
			);
			runOnlyForDeploymentPostprocessing = 0;
		};
		C2E33D391A93ECC900B5E200 /* Frameworks */ = {
			isa = PBXFrameworksBuildPhase;
			buildActionMask = 2147483647;
			files = (
			);
			runOnlyForDeploymentPostprocessing = 0;
		};
/* End PBXFrameworksBuildPhase section */

/* Begin PBXGroup section */
		C2E33D1E1A93ECC900B5E200 = {
			isa = PBXGroup;
			children = (
				C2E33D4C1A93ED1000B5E200 /* SwiftDictModel.framework */,
				C2E33D291A93ECC900B5E200 /* iOS Example */,
				C2E33D3F1A93ECC900B5E200 /* iOS ExampleTests */,
				C2E33D281A93ECC900B5E200 /* Products */,
			);
			sourceTree = "<group>";
		};
		C2E33D281A93ECC900B5E200 /* Products */ = {
			isa = PBXGroup;
			children = (
				C2E33D271A93ECC900B5E200 /* iOS Example.app */,
				C2E33D3C1A93ECC900B5E200 /* iOS ExampleTests.xctest */,
			);
			name = Products;
			sourceTree = "<group>";
		};
		C2E33D291A93ECC900B5E200 /* iOS Example */ = {
			isa = PBXGroup;
			children = (
				C2E33D4E1A93EE4A00B5E200 /* Person.swift */,
				C2E33D521A93EF0700B5E200 /* Person.json */,
				C2E33D2C1A93ECC900B5E200 /* AppDelegate.swift */,
				C2E33D2E1A93ECC900B5E200 /* ViewController.swift */,
				C2E33D301A93ECC900B5E200 /* Main.storyboard */,
				C2E33D331A93ECC900B5E200 /* Images.xcassets */,
				C2E33D351A93ECC900B5E200 /* LaunchScreen.xib */,
				C2E33D2A1A93ECC900B5E200 /* Supporting Files */,
			);
			path = "iOS Example";
			sourceTree = "<group>";
		};
		C2E33D2A1A93ECC900B5E200 /* Supporting Files */ = {
			isa = PBXGroup;
			children = (
				C2E33D2B1A93ECC900B5E200 /* Info.plist */,
			);
			name = "Supporting Files";
			sourceTree = "<group>";
		};
		C2E33D3F1A93ECC900B5E200 /* iOS ExampleTests */ = {
			isa = PBXGroup;
			children = (
				C2E33D421A93ECC900B5E200 /* iOS_ExampleTests.swift */,
				C2E33D401A93ECC900B5E200 /* Supporting Files */,
			);
			path = "iOS ExampleTests";
			sourceTree = "<group>";
		};
		C2E33D401A93ECC900B5E200 /* Supporting Files */ = {
			isa = PBXGroup;
			children = (
				C2E33D411A93ECC900B5E200 /* Info.plist */,
			);
			name = "Supporting Files";
			sourceTree = "<group>";
		};
/* End PBXGroup section */

/* Begin PBXNativeTarget section */
		C2E33D261A93ECC900B5E200 /* iOS Example */ = {
			isa = PBXNativeTarget;
			buildConfigurationList = C2E33D461A93ECC900B5E200 /* Build configuration list for PBXNativeTarget "iOS Example" */;
			buildPhases = (
				C2E33D231A93ECC900B5E200 /* Sources */,
				C2E33D241A93ECC900B5E200 /* Frameworks */,
				C2E33D251A93ECC900B5E200 /* Resources */,
			);
			buildRules = (
			);
			dependencies = (
			);
			name = "iOS Example";
			productName = "iOS Example";
			productReference = C2E33D271A93ECC900B5E200 /* iOS Example.app */;
			productType = "com.apple.product-type.application";
		};
		C2E33D3B1A93ECC900B5E200 /* iOS ExampleTests */ = {
			isa = PBXNativeTarget;
			buildConfigurationList = C2E33D491A93ECC900B5E200 /* Build configuration list for PBXNativeTarget "iOS ExampleTests" */;
			buildPhases = (
				C2E33D381A93ECC900B5E200 /* Sources */,
				C2E33D391A93ECC900B5E200 /* Frameworks */,
				C2E33D3A1A93ECC900B5E200 /* Resources */,
			);
			buildRules = (
			);
			dependencies = (
				C2E33D3E1A93ECC900B5E200 /* PBXTargetDependency */,
			);
			name = "iOS ExampleTests";
			productName = "iOS ExampleTests";
			productReference = C2E33D3C1A93ECC900B5E200 /* iOS ExampleTests.xctest */;
			productType = "com.apple.product-type.bundle.unit-test";
		};
/* End PBXNativeTarget section */

/* Begin PBXProject section */
		C2E33D1F1A93ECC900B5E200 /* Project object */ = {
			isa = PBXProject;
			attributes = {
				LastUpgradeCheck = 0630;
				ORGANIZATIONNAME = joyios;
				TargetAttributes = {
					C2E33D261A93ECC900B5E200 = {
						CreatedOnToolsVersion = 6.3;
					};
					C2E33D3B1A93ECC900B5E200 = {
						CreatedOnToolsVersion = 6.3;
						TestTargetID = C2E33D261A93ECC900B5E200;
					};
				};
			};
			buildConfigurationList = C2E33D221A93ECC900B5E200 /* Build configuration list for PBXProject "iOS Example" */;
			compatibilityVersion = "Xcode 3.2";
			developmentRegion = English;
			hasScannedForEncodings = 0;
			knownRegions = (
				en,
				Base,
			);
			mainGroup = C2E33D1E1A93ECC900B5E200;
			productRefGroup = C2E33D281A93ECC900B5E200 /* Products */;
			projectDirPath = "";
			projectRoot = "";
			targets = (
				C2E33D261A93ECC900B5E200 /* iOS Example */,
				C2E33D3B1A93ECC900B5E200 /* iOS ExampleTests */,
			);
		};
/* End PBXProject section */

/* Begin PBXResourcesBuildPhase section */
		C2E33D251A93ECC900B5E200 /* Resources */ = {
			isa = PBXResourcesBuildPhase;
			buildActionMask = 2147483647;
			files = (
				C2E33D321A93ECC900B5E200 /* Main.storyboard in Resources */,
				C2E33D371A93ECC900B5E200 /* LaunchScreen.xib in Resources */,
				C2E33D341A93ECC900B5E200 /* Images.xcassets in Resources */,
				C2E33D531A93EF0700B5E200 /* Person.json in Resources */,
			);
			runOnlyForDeploymentPostprocessing = 0;
		};
		C2E33D3A1A93ECC900B5E200 /* Resources */ = {
			isa = PBXResourcesBuildPhase;
			buildActionMask = 2147483647;
			files = (
			);
			runOnlyForDeploymentPostprocessing = 0;
		};
/* End PBXResourcesBuildPhase section */

/* Begin PBXSourcesBuildPhase section */
		C2E33D231A93ECC900B5E200 /* Sources */ = {
			isa = PBXSourcesBuildPhase;
			buildActionMask = 2147483647;
			files = (
				C2E33D4F1A93EE4A00B5E200 /* Person.swift in Sources */,
				C2E33D2F1A93ECC900B5E200 /* ViewController.swift in Sources */,
				C2E33D2D1A93ECC900B5E200 /* AppDelegate.swift in Sources */,
			);
			runOnlyForDeploymentPostprocessing = 0;
		};
		C2E33D381A93ECC900B5E200 /* Sources */ = {
			isa = PBXSourcesBuildPhase;
			buildActionMask = 2147483647;
			files = (
				C2E33D431A93ECC900B5E200 /* iOS_ExampleTests.swift in Sources */,
			);
			runOnlyForDeploymentPostprocessing = 0;
		};
/* End PBXSourcesBuildPhase section */

/* Begin PBXTargetDependency section */
		C2E33D3E1A93ECC900B5E200 /* PBXTargetDependency */ = {
			isa = PBXTargetDependency;
			target = C2E33D261A93ECC900B5E200 /* iOS Example */;
			targetProxy = C2E33D3D1A93ECC900B5E200 /* PBXContainerItemProxy */;
		};
/* End PBXTargetDependency section */

/* Begin PBXVariantGroup section */
		C2E33D301A93ECC900B5E200 /* Main.storyboard */ = {
			isa = PBXVariantGroup;
			children = (
				C2E33D311A93ECC900B5E200 /* Base */,
			);
			name = Main.storyboard;
			sourceTree = "<group>";
		};
		C2E33D351A93ECC900B5E200 /* LaunchScreen.xib */ = {
			isa = PBXVariantGroup;
			children = (
				C2E33D361A93ECC900B5E200 /* Base */,
			);
			name = LaunchScreen.xib;
			sourceTree = "<group>";
		};
/* End PBXVariantGroup section */

/* Begin XCBuildConfiguration section */
		C2E33D441A93ECC900B5E200 /* Debug */ = {
			isa = XCBuildConfiguration;
			buildSettings = {
				ALWAYS_SEARCH_USER_PATHS = NO;
				CLANG_CXX_LANGUAGE_STANDARD = "gnu++0x";
				CLANG_CXX_LIBRARY = "libc++";
				CLANG_ENABLE_MODULES = YES;
				CLANG_ENABLE_OBJC_ARC = YES;
				CLANG_WARN_BOOL_CONVERSION = YES;
				CLANG_WARN_CONSTANT_CONVERSION = YES;
				CLANG_WARN_DIRECT_OBJC_ISA_USAGE = YES_ERROR;
				CLANG_WARN_EMPTY_BODY = YES;
				CLANG_WARN_ENUM_CONVERSION = YES;
				CLANG_WARN_INT_CONVERSION = YES;
				CLANG_WARN_OBJC_ROOT_CLASS = YES_ERROR;
				CLANG_WARN_UNREACHABLE_CODE = YES;
				CLANG_WARN__DUPLICATE_METHOD_MATCH = YES;
				"CODE_SIGN_IDENTITY[sdk=iphoneos*]" = "iPhone Developer";
				COPY_PHASE_STRIP = NO;
				DEBUG_INFORMATION_FORMAT = dwarf;
				ENABLE_STRICT_OBJC_MSGSEND = YES;
				GCC_C_LANGUAGE_STANDARD = gnu99;
				GCC_DYNAMIC_NO_PIC = NO;
				GCC_OPTIMIZATION_LEVEL = 0;
				GCC_PREPROCESSOR_DEFINITIONS = (
					"DEBUG=1",
					"$(inherited)",
				);
				GCC_SYMBOLS_PRIVATE_EXTERN = NO;
				GCC_WARN_64_TO_32_BIT_CONVERSION = YES;
				GCC_WARN_ABOUT_RETURN_TYPE = YES_ERROR;
				GCC_WARN_UNDECLARED_SELECTOR = YES;
				GCC_WARN_UNINITIALIZED_AUTOS = YES_AGGRESSIVE;
				GCC_WARN_UNUSED_FUNCTION = YES;
				GCC_WARN_UNUSED_VARIABLE = YES;
				IPHONEOS_DEPLOYMENT_TARGET = 8.3;
				MTL_ENABLE_DEBUG_INFO = YES;
				ONLY_ACTIVE_ARCH = YES;
				SDKROOT = iphoneos;
				SWIFT_OPTIMIZATION_LEVEL = "-Onone";
			};
			name = Debug;
		};
		C2E33D451A93ECC900B5E200 /* Release */ = {
			isa = XCBuildConfiguration;
			buildSettings = {
				ALWAYS_SEARCH_USER_PATHS = NO;
				CLANG_CXX_LANGUAGE_STANDARD = "gnu++0x";
				CLANG_CXX_LIBRARY = "libc++";
				CLANG_ENABLE_MODULES = YES;
				CLANG_ENABLE_OBJC_ARC = YES;
				CLANG_WARN_BOOL_CONVERSION = YES;
				CLANG_WARN_CONSTANT_CONVERSION = YES;
				CLANG_WARN_DIRECT_OBJC_ISA_USAGE = YES_ERROR;
				CLANG_WARN_EMPTY_BODY = YES;
				CLANG_WARN_ENUM_CONVERSION = YES;
				CLANG_WARN_INT_CONVERSION = YES;
				CLANG_WARN_OBJC_ROOT_CLASS = YES_ERROR;
				CLANG_WARN_UNREACHABLE_CODE = YES;
				CLANG_WARN__DUPLICATE_METHOD_MATCH = YES;
				"CODE_SIGN_IDENTITY[sdk=iphoneos*]" = "iPhone Developer";
				COPY_PHASE_STRIP = NO;
				DEBUG_INFORMATION_FORMAT = "dwarf-with-dsym";
				ENABLE_NS_ASSERTIONS = NO;
				ENABLE_STRICT_OBJC_MSGSEND = YES;
				GCC_C_LANGUAGE_STANDARD = gnu99;
				GCC_WARN_64_TO_32_BIT_CONVERSION = YES;
				GCC_WARN_ABOUT_RETURN_TYPE = YES_ERROR;
				GCC_WARN_UNDECLARED_SELECTOR = YES;
				GCC_WARN_UNINITIALIZED_AUTOS = YES_AGGRESSIVE;
				GCC_WARN_UNUSED_FUNCTION = YES;
				GCC_WARN_UNUSED_VARIABLE = YES;
				IPHONEOS_DEPLOYMENT_TARGET = 8.3;
				MTL_ENABLE_DEBUG_INFO = NO;
				SDKROOT = iphoneos;
				VALIDATE_PRODUCT = YES;
			};
			name = Release;
		};
		C2E33D471A93ECC900B5E200 /* Debug */ = {
			isa = XCBuildConfiguration;
			buildSettings = {
				ASSETCATALOG_COMPILER_APPICON_NAME = AppIcon;
				FRAMEWORK_SEARCH_PATHS = (
					"$(inherited)",
					"$(USER_LIBRARY_DIR)/Developer/Xcode/DerivedData/SwiftDictModel-hghnfadzdlazxfahsjdtguxfwdcm/Build/Products/Debug-iphoneos",
				);
				INFOPLIST_FILE = "iOS Example/Info.plist";
				LD_RUNPATH_SEARCH_PATHS = "$(inherited) @executable_path/Frameworks";
				PRODUCT_NAME = "$(TARGET_NAME)";
			};
			name = Debug;
		};
		C2E33D481A93ECC900B5E200 /* Release */ = {
			isa = XCBuildConfiguration;
			buildSettings = {
				ASSETCATALOG_COMPILER_APPICON_NAME = AppIcon;
				FRAMEWORK_SEARCH_PATHS = (
					"$(inherited)",
					"$(USER_LIBRARY_DIR)/Developer/Xcode/DerivedData/SwiftDictModel-hghnfadzdlazxfahsjdtguxfwdcm/Build/Products/Debug-iphoneos",
				);
				INFOPLIST_FILE = "iOS Example/Info.plist";
				LD_RUNPATH_SEARCH_PATHS = "$(inherited) @executable_path/Frameworks";
				PRODUCT_NAME = "$(TARGET_NAME)";
			};
			name = Release;
		};
		C2E33D4A1A93ECC900B5E200 /* Debug */ = {
			isa = XCBuildConfiguration;
			buildSettings = {
				BUNDLE_LOADER = "$(TEST_HOST)";
				FRAMEWORK_SEARCH_PATHS = (
					"$(SDKROOT)/Developer/Library/Frameworks",
					"$(inherited)",
				);
				GCC_PREPROCESSOR_DEFINITIONS = (
					"DEBUG=1",
					"$(inherited)",
				);
				INFOPLIST_FILE = "iOS ExampleTests/Info.plist";
				LD_RUNPATH_SEARCH_PATHS = "$(inherited) @executable_path/Frameworks @loader_path/Frameworks";
				PRODUCT_NAME = "$(TARGET_NAME)";
				TEST_HOST = "$(BUILT_PRODUCTS_DIR)/iOS Example.app/iOS Example";
			};
			name = Debug;
		};
		C2E33D4B1A93ECC900B5E200 /* Release */ = {
			isa = XCBuildConfiguration;
			buildSettings = {
				BUNDLE_LOADER = "$(TEST_HOST)";
				FRAMEWORK_SEARCH_PATHS = (
					"$(SDKROOT)/Developer/Library/Frameworks",
					"$(inherited)",
				);
				INFOPLIST_FILE = "iOS ExampleTests/Info.plist";
				LD_RUNPATH_SEARCH_PATHS = "$(inherited) @executable_path/Frameworks @loader_path/Frameworks";
				PRODUCT_NAME = "$(TARGET_NAME)";
				TEST_HOST = "$(BUILT_PRODUCTS_DIR)/iOS Example.app/iOS Example";
			};
			name = Release;
		};
/* End XCBuildConfiguration section */

/* Begin XCConfigurationList section */
		C2E33D221A93ECC900B5E200 /* Build configuration list for PBXProject "iOS Example" */ = {
			isa = XCConfigurationList;
			buildConfigurations = (
				C2E33D441A93ECC900B5E200 /* Debug */,
				C2E33D451A93ECC900B5E200 /* Release */,
			);
			defaultConfigurationIsVisible = 0;
			defaultConfigurationName = Release;
		};
		C2E33D461A93ECC900B5E200 /* Build configuration list for PBXNativeTarget "iOS Example" */ = {
			isa = XCConfigurationList;
			buildConfigurations = (
				C2E33D471A93ECC900B5E200 /* Debug */,
				C2E33D481A93ECC900B5E200 /* Release */,
			);
			defaultConfigurationIsVisible = 0;
		};
		C2E33D491A93ECC900B5E200 /* Build configuration list for PBXNativeTarget "iOS ExampleTests" */ = {
			isa = XCConfigurationList;
			buildConfigurations = (
				C2E33D4A1A93ECC900B5E200 /* Debug */,
				C2E33D4B1A93ECC900B5E200 /* Release */,
			);
			defaultConfigurationIsVisible = 0;
		};
/* End XCConfigurationList section */
	};
	rootObject = C2E33D1F1A93ECC900B5E200 /* Project object */;
}
